// !$*UTF8*$!
{
	archiveVersion = 1;
	classes = {
	};
	objectVersion = 50;
	objects = {

/* Begin PBXBuildFile section */
		38CAA5FA2622EA7B00EB4B1B /* AppDelegate.swift in Sources */ = {isa = PBXBuildFile; fileRef = 38CAA5F92622EA7B00EB4B1B /* AppDelegate.swift */; };
		38CAA5FC2622EA7B00EB4B1B /* SceneDelegate.swift in Sources */ = {isa = PBXBuildFile; fileRef = 38CAA5FB2622EA7B00EB4B1B /* SceneDelegate.swift */; };
		38CAA5FE2622EA7B00EB4B1B /* ViewController.swift in Sources */ = {isa = PBXBuildFile; fileRef = 38CAA5FD2622EA7B00EB4B1B /* ViewController.swift */; };
		38CAA6012622EA7B00EB4B1B /* Main.storyboard in Resources */ = {isa = PBXBuildFile; fileRef = 38CAA5FF2622EA7B00EB4B1B /* Main.storyboard */; };
		38CAA6042622EA7B00EB4B1B /* PostsRestAPIComplete.xcdatamodeld in Sources */ = {isa = PBXBuildFile; fileRef = 38CAA6022622EA7B00EB4B1B /* PostsRestAPIComplete.xcdatamodeld */; };
		38CAA6062622EA7C00EB4B1B /* Assets.xcassets in Resources */ = {isa = PBXBuildFile; fileRef = 38CAA6052622EA7C00EB4B1B /* Assets.xcassets */; };
		38CAA6092622EA7C00EB4B1B /* LaunchScreen.storyboard in Resources */ = {isa = PBXBuildFile; fileRef = 38CAA6072622EA7C00EB4B1B /* LaunchScreen.storyboard */; };
		38CAA6162622F76200EB4B1B /* PostsScreen.storyboard in Resources */ = {isa = PBXBuildFile; fileRef = 38CAA6152622F76200EB4B1B /* PostsScreen.storyboard */; };
		38CAA61C2622F9A500EB4B1B /* PostsTableViewCell.swift in Sources */ = {isa = PBXBuildFile; fileRef = 38CAA61B2622F9A500EB4B1B /* PostsTableViewCell.swift */; };
		38CAA6202623003D00EB4B1B /* PostsViewModel.swift in Sources */ = {isa = PBXBuildFile; fileRef = 38CAA61F2623003D00EB4B1B /* PostsViewModel.swift */; };
		38CAA6242623012800EB4B1B /* PostsViewController.swift in Sources */ = {isa = PBXBuildFile; fileRef = 38CAA6232623012800EB4B1B /* PostsViewController.swift */; };
		38CAA6282623176500EB4B1B /* PostDetails.storyboard in Resources */ = {isa = PBXBuildFile; fileRef = 38CAA6272623176500EB4B1B /* PostDetails.storyboard */; };
		38CAA62B2623177D00EB4B1B /* PostDetailsViewController.swift in Sources */ = {isa = PBXBuildFile; fileRef = 38CAA62A2623177D00EB4B1B /* PostDetailsViewController.swift */; };
/* End PBXBuildFile section */

/* Begin PBXFileReference section */
		38CAA5F62622EA7B00EB4B1B /* PostsRestAPIComplete.app */ = {isa = PBXFileReference; explicitFileType = wrapper.application; includeInIndex = 0; path = PostsRestAPIComplete.app; sourceTree = BUILT_PRODUCTS_DIR; };
		38CAA5F92622EA7B00EB4B1B /* AppDelegate.swift */ = {isa = PBXFileReference; lastKnownFileType = sourcecode.swift; path = AppDelegate.swift; sourceTree = "<group>"; };
		38CAA5FB2622EA7B00EB4B1B /* SceneDelegate.swift */ = {isa = PBXFileReference; lastKnownFileType = sourcecode.swift; path = SceneDelegate.swift; sourceTree = "<group>"; };
		38CAA5FD2622EA7B00EB4B1B /* ViewController.swift */ = {isa = PBXFileReference; lastKnownFileType = sourcecode.swift; path = ViewController.swift; sourceTree = "<group>"; };
		38CAA6002622EA7B00EB4B1B /* Base */ = {isa = PBXFileReference; lastKnownFileType = file.storyboard; name = Base; path = Base.lproj/Main.storyboard; sourceTree = "<group>"; };
		38CAA6032622EA7B00EB4B1B /* PostsRestAPIComplete.xcdatamodel */ = {isa = PBXFileReference; lastKnownFileType = wrapper.xcdatamodel; path = PostsRestAPIComplete.xcdatamodel; sourceTree = "<group>"; };
		38CAA6052622EA7C00EB4B1B /* Assets.xcassets */ = {isa = PBXFileReference; lastKnownFileType = folder.assetcatalog; path = Assets.xcassets; sourceTree = "<group>"; };
		38CAA6082622EA7C00EB4B1B /* Base */ = {isa = PBXFileReference; lastKnownFileType = file.storyboard; name = Base; path = Base.lproj/LaunchScreen.storyboard; sourceTree = "<group>"; };
		38CAA60A2622EA7C00EB4B1B /* Info.plist */ = {isa = PBXFileReference; lastKnownFileType = text.plist.xml; path = Info.plist; sourceTree = "<group>"; };
		38CAA6152622F76200EB4B1B /* PostsScreen.storyboard */ = {isa = PBXFileReference; lastKnownFileType = file.storyboard; path = PostsScreen.storyboard; sourceTree = "<group>"; };
		38CAA61B2622F9A500EB4B1B /* PostsTableViewCell.swift */ = {isa = PBXFileReference; lastKnownFileType = sourcecode.swift; path = PostsTableViewCell.swift; sourceTree = "<group>"; };
		38CAA61F2623003D00EB4B1B /* PostsViewModel.swift */ = {isa = PBXFileReference; lastKnownFileType = sourcecode.swift; path = PostsViewModel.swift; sourceTree = "<group>"; };
		38CAA6232623012800EB4B1B /* PostsViewController.swift */ = {isa = PBXFileReference; lastKnownFileType = sourcecode.swift; path = PostsViewController.swift; sourceTree = "<group>"; };
		38CAA6272623176500EB4B1B /* PostDetails.storyboard */ = {isa = PBXFileReference; lastKnownFileType = file.storyboard; path = PostDetails.storyboard; sourceTree = "<group>"; };
		38CAA62A2623177D00EB4B1B /* PostDetailsViewController.swift */ = {isa = PBXFileReference; lastKnownFileType = sourcecode.swift; path = PostDetailsViewController.swift; sourceTree = "<group>"; };
/* End PBXFileReference section */

/* Begin PBXFrameworksBuildPhase section */
		38CAA5F32622EA7B00EB4B1B /* Frameworks */ = {
			isa = PBXFrameworksBuildPhase;
			buildActionMask = 2147483647;
			files = (
			);
			runOnlyForDeploymentPostprocessing = 0;
		};
/* End PBXFrameworksBuildPhase section */

/* Begin PBXGroup section */
		38CAA5ED2622EA7B00EB4B1B = {
			isa = PBXGroup;
			children = (
				38CAA5F82622EA7B00EB4B1B /* PostsRestAPIComplete */,
				38CAA5F72622EA7B00EB4B1B /* Products */,
			);
			sourceTree = "<group>";
		};
		38CAA5F72622EA7B00EB4B1B /* Products */ = {
			isa = PBXGroup;
			children = (
				38CAA5F62622EA7B00EB4B1B /* PostsRestAPIComplete.app */,
			);
			name = Products;
			sourceTree = "<group>";
		};
		38CAA5F82622EA7B00EB4B1B /* PostsRestAPIComplete */ = {
			isa = PBXGroup;
			children = (
				38CAA6262623174900EB4B1B /* Post Details */,
				38CAA6142622F73600EB4B1B /* Posts */,
				38CAA5F92622EA7B00EB4B1B /* AppDelegate.swift */,
				38CAA5FB2622EA7B00EB4B1B /* SceneDelegate.swift */,
				38CAA5FD2622EA7B00EB4B1B /* ViewController.swift */,
				38CAA5FF2622EA7B00EB4B1B /* Main.storyboard */,
				38CAA6052622EA7C00EB4B1B /* Assets.xcassets */,
				38CAA6072622EA7C00EB4B1B /* LaunchScreen.storyboard */,
				38CAA60A2622EA7C00EB4B1B /* Info.plist */,
				38CAA6022622EA7B00EB4B1B /* PostsRestAPIComplete.xcdatamodeld */,
			);
			path = PostsRestAPIComplete;
			sourceTree = "<group>";
		};
		38CAA6142622F73600EB4B1B /* Posts */ = {
			isa = PBXGroup;
			children = (
				38CAA6152622F76200EB4B1B /* PostsScreen.storyboard */,
				38CAA61B2622F9A500EB4B1B /* PostsTableViewCell.swift */,
				38CAA61F2623003D00EB4B1B /* PostsViewModel.swift */,
				38CAA6232623012800EB4B1B /* PostsViewController.swift */,
			);
			path = Posts;
			sourceTree = "<group>";
		};
		38CAA6262623174900EB4B1B /* Post Details */ = {
			isa = PBXGroup;
			children = (
				38CAA6272623176500EB4B1B /* PostDetails.storyboard */,
				38CAA62A2623177D00EB4B1B /* PostDetailsViewController.swift */,
			);
			path = "Post Details";
			sourceTree = "<group>";
		};
/* End PBXGroup section */

/* Begin PBXNativeTarget section */
		38CAA5F52622EA7B00EB4B1B /* PostsRestAPIComplete */ = {
			isa = PBXNativeTarget;
			buildConfigurationList = 38CAA60D2622EA7C00EB4B1B /* Build configuration list for PBXNativeTarget "PostsRestAPIComplete" */;
			buildPhases = (
				38CAA5F22622EA7B00EB4B1B /* Sources */,
				38CAA5F32622EA7B00EB4B1B /* Frameworks */,
				38CAA5F42622EA7B00EB4B1B /* Resources */,
			);
			buildRules = (
			);
			dependencies = (
			);
			name = PostsRestAPIComplete;
			productName = PostsRestAPIComplete;
			productReference = 38CAA5F62622EA7B00EB4B1B /* PostsRestAPIComplete.app */;
			productType = "com.apple.product-type.application";
		};
/* End PBXNativeTarget section */

/* Begin PBXProject section */
		38CAA5EE2622EA7B00EB4B1B /* Project object */ = {
			isa = PBXProject;
			attributes = {
				LastSwiftUpdateCheck = 1240;
				LastUpgradeCheck = 1240;
				TargetAttributes = {
					38CAA5F52622EA7B00EB4B1B = {
						CreatedOnToolsVersion = 12.4;
					};
				};
			};
			buildConfigurationList = 38CAA5F12622EA7B00EB4B1B /* Build configuration list for PBXProject "PostsRestAPIComplete" */;
			compatibilityVersion = "Xcode 9.3";
			developmentRegion = en;
			hasScannedForEncodings = 0;
			knownRegions = (
				en,
				Base,
			);
			mainGroup = 38CAA5ED2622EA7B00EB4B1B;
			productRefGroup = 38CAA5F72622EA7B00EB4B1B /* Products */;
			projectDirPath = "";
			projectRoot = "";
			targets = (
				38CAA5F52622EA7B00EB4B1B /* PostsRestAPIComplete */,
			);
		};
/* End PBXProject section */

/* Begin PBXResourcesBuildPhase section */
		38CAA5F42622EA7B00EB4B1B /* Resources */ = {
			isa = PBXResourcesBuildPhase;
			buildActionMask = 2147483647;
			files = (
				38CAA6092622EA7C00EB4B1B /* LaunchScreen.storyboard in Resources */,
				38CAA6282623176500EB4B1B /* PostDetails.storyboard in Resources */,
				38CAA6062622EA7C00EB4B1B /* Assets.xcassets in Resources */,
				38CAA6162622F76200EB4B1B /* PostsScreen.storyboard in Resources */,
				38CAA6012622EA7B00EB4B1B /* Main.storyboard in Resources */,
			);
			runOnlyForDeploymentPostprocessing = 0;
		};
/* End PBXResourcesBuildPhase section */

/* Begin PBXSourcesBuildPhase section */
		38CAA5F22622EA7B00EB4B1B /* Sources */ = {
			isa = PBXSourcesBuildPhase;
			buildActionMask = 2147483647;
			files = (
				38CAA6242623012800EB4B1B /* PostsViewController.swift in Sources */,
				38CAA5FE2622EA7B00EB4B1B /* ViewController.swift in Sources */,
				38CAA6042622EA7B00EB4B1B /* PostsRestAPIComplete.xcdatamodeld in Sources */,
				38CAA5FA2622EA7B00EB4B1B /* AppDelegate.swift in Sources */,
				38CAA61C2622F9A500EB4B1B /* PostsTableViewCell.swift in Sources */,
				38CAA62B2623177D00EB4B1B /* PostDetailsViewController.swift in Sources */,
				38CAA5FC2622EA7B00EB4B1B /* SceneDelegate.swift in Sources */,
				38CAA6202623003D00EB4B1B /* PostsViewModel.swift in Sources */,
			);
			runOnlyForDeploymentPostprocessing = 0;
		};
/* End PBXSourcesBuildPhase section */

/* Begin PBXVariantGroup section */
		38CAA5FF2622EA7B00EB4B1B /* Main.storyboard */ = {
			isa = PBXVariantGroup;
			children = (
				38CAA6002622EA7B00EB4B1B /* Base */,
			);
			name = Main.storyboard;
			sourceTree = "<group>";
		};
		38CAA6072622EA7C00EB4B1B /* LaunchScreen.storyboard */ = {
			isa = PBXVariantGroup;
			children = (
				38CAA6082622EA7C00EB4B1B /* Base */,
			);
			name = LaunchScreen.storyboard;
			sourceTree = "<group>";
		};
/* End PBXVariantGroup section */

/* Begin XCBuildConfiguration section */
		38CAA60B2622EA7C00EB4B1B /* Debug */ = {
			isa = XCBuildConfiguration;
			buildSettings = {
				ALWAYS_SEARCH_USER_PATHS = NO;
				CLANG_ANALYZER_NONNULL = YES;
				CLANG_ANALYZER_NUMBER_OBJECT_CONVERSION = YES_AGGRESSIVE;
				CLANG_CXX_LANGUAGE_STANDARD = "gnu++14";
				CLANG_CXX_LIBRARY = "libc++";
				CLANG_ENABLE_MODULES = YES;
				CLANG_ENABLE_OBJC_ARC = YES;
				CLANG_ENABLE_OBJC_WEAK = YES;
				CLANG_WARN_BLOCK_CAPTURE_AUTORELEASING = YES;
				CLANG_WARN_BOOL_CONVERSION = YES;
				CLANG_WARN_COMMA = YES;
				CLANG_WARN_CONSTANT_CONVERSION = YES;
				CLANG_WARN_DEPRECATED_OBJC_IMPLEMENTATIONS = YES;
				CLANG_WARN_DIRECT_OBJC_ISA_USAGE = YES_ERROR;
				CLANG_WARN_DOCUMENTATION_COMMENTS = YES;
				CLANG_WARN_EMPTY_BODY = YES;
				CLANG_WARN_ENUM_CONVERSION = YES;
				CLANG_WARN_INFINITE_RECURSION = YES;
				CLANG_WARN_INT_CONVERSION = YES;
				CLANG_WARN_NON_LITERAL_NULL_CONVERSION = YES;
				CLANG_WARN_OBJC_IMPLICIT_RETAIN_SELF = YES;
				CLANG_WARN_OBJC_LITERAL_CONVERSION = YES;
				CLANG_WARN_OBJC_ROOT_CLASS = YES_ERROR;
				CLANG_WARN_QUOTED_INCLUDE_IN_FRAMEWORK_HEADER = YES;
				CLANG_WARN_RANGE_LOOP_ANALYSIS = YES;
				CLANG_WARN_STRICT_PROTOTYPES = YES;
				CLANG_WARN_SUSPICIOUS_MOVE = YES;
				CLANG_WARN_UNGUARDED_AVAILABILITY = YES_AGGRESSIVE;
				CLANG_WARN_UNREACHABLE_CODE = YES;
				CLANG_WARN__DUPLICATE_METHOD_MATCH = YES;
				COPY_PHASE_STRIP = NO;
				DEBUG_INFORMATION_FORMAT = dwarf;
				ENABLE_STRICT_OBJC_MSGSEND = YES;
				ENABLE_TESTABILITY = YES;
				GCC_C_LANGUAGE_STANDARD = gnu11;
				GCC_DYNAMIC_NO_PIC = NO;
				GCC_NO_COMMON_BLOCKS = YES;
				GCC_OPTIMIZATION_LEVEL = 0;
				GCC_PREPROCESSOR_DEFINITIONS = (
					"DEBUG=1",
					"$(inherited)",
				);
				GCC_WARN_64_TO_32_BIT_CONVERSION = YES;
				GCC_WARN_ABOUT_RETURN_TYPE = YES_ERROR;
				GCC_WARN_UNDECLARED_SELECTOR = YES;
				GCC_WARN_UNINITIALIZED_AUTOS = YES_AGGRESSIVE;
				GCC_WARN_UNUSED_FUNCTION = YES;
				GCC_WARN_UNUSED_VARIABLE = YES;
				IPHONEOS_DEPLOYMENT_TARGET = 14.4;
				MTL_ENABLE_DEBUG_INFO = INCLUDE_SOURCE;
				MTL_FAST_MATH = YES;
				ONLY_ACTIVE_ARCH = YES;
				SDKROOT = iphoneos;
				SWIFT_ACTIVE_COMPILATION_CONDITIONS = DEBUG;
				SWIFT_OPTIMIZATION_LEVEL = "-Onone";
			};
			name = Debug;
		};
		38CAA60C2622EA7C00EB4B1B /* Release */ = {
			isa = XCBuildConfiguration;
			buildSettings = {
				ALWAYS_SEARCH_USER_PATHS = NO;
				CLANG_ANALYZER_NONNULL = YES;
				CLANG_ANALYZER_NUMBER_OBJECT_CONVERSION = YES_AGGRESSIVE;
				CLANG_CXX_LANGUAGE_STANDARD = "gnu++14";
				CLANG_CXX_LIBRARY = "libc++";
				CLANG_ENABLE_MODULES = YES;
				CLANG_ENABLE_OBJC_ARC = YES;
				CLANG_ENABLE_OBJC_WEAK = YES;
				CLANG_WARN_BLOCK_CAPTURE_AUTORELEASING = YES;
				CLANG_WARN_BOOL_CONVERSION = YES;
				CLANG_WARN_COMMA = YES;
				CLANG_WARN_CONSTANT_CONVERSION = YES;
				CLANG_WARN_DEPRECATED_OBJC_IMPLEMENTATIONS = YES;
				CLANG_WARN_DIRECT_OBJC_ISA_USAGE = YES_ERROR;
				CLANG_WARN_DOCUMENTATION_COMMENTS = YES;
				CLANG_WARN_EMPTY_BODY = YES;
				CLANG_WARN_ENUM_CONVERSION = YES;
				CLANG_WARN_INFINITE_RECURSION = YES;
				CLANG_WARN_INT_CONVERSION = YES;
				CLANG_WARN_NON_LITERAL_NULL_CONVERSION = YES;
				CLANG_WARN_OBJC_IMPLICIT_RETAIN_SELF = YES;
				CLANG_WARN_OBJC_LITERAL_CONVERSION = YES;
				CLANG_WARN_OBJC_ROOT_CLASS = YES_ERROR;
				CLANG_WARN_QUOTED_INCLUDE_IN_FRAMEWORK_HEADER = YES;
				CLANG_WARN_RANGE_LOOP_ANALYSIS = YES;
				CLANG_WARN_STRICT_PROTOTYPES = YES;
				CLANG_WARN_SUSPICIOUS_MOVE = YES;
				CLANG_WARN_UNGUARDED_AVAILABILITY = YES_AGGRESSIVE;
				CLANG_WARN_UNREACHABLE_CODE = YES;
				CLANG_WARN__DUPLICATE_METHOD_MATCH = YES;
				COPY_PHASE_STRIP = NO;
				DEBUG_INFORMATION_FORMAT = "dwarf-with-dsym";
				ENABLE_NS_ASSERTIONS = NO;
				ENABLE_STRICT_OBJC_MSGSEND = YES;
				GCC_C_LANGUAGE_STANDARD = gnu11;
				GCC_NO_COMMON_BLOCKS = YES;
				GCC_WARN_64_TO_32_BIT_CONVERSION = YES;
				GCC_WARN_ABOUT_RETURN_TYPE = YES_ERROR;
				GCC_WARN_UNDECLARED_SELECTOR = YES;
				GCC_WARN_UNINITIALIZED_AUTOS = YES_AGGRESSIVE;
				GCC_WARN_UNUSED_FUNCTION = YES;
				GCC_WARN_UNUSED_VARIABLE = YES;
				IPHONEOS_DEPLOYMENT_TARGET = 14.4;
				MTL_ENABLE_DEBUG_INFO = NO;
				MTL_FAST_MATH = YES;
				SDKROOT = iphoneos;
				SWIFT_COMPILATION_MODE = wholemodule;
				SWIFT_OPTIMIZATION_LEVEL = "-O";
				VALIDATE_PRODUCT = YES;
			};
			name = Release;
		};
		38CAA60E2622EA7C00EB4B1B /* Debug */ = {
			isa = XCBuildConfiguration;
			buildSettings = {
				ASSETCATALOG_COMPILER_APPICON_NAME = AppIcon;
				ASSETCATALOG_COMPILER_GLOBAL_ACCENT_COLOR_NAME = AccentColor;
				CODE_SIGN_STYLE = Automatic;
				INFOPLIST_FILE = PostsRestAPIComplete/Info.plist;
				LD_RUNPATH_SEARCH_PATHS = (
					"$(inherited)",
					"@executable_path/Frameworks",
				);
				PRODUCT_BUNDLE_IDENTIFIER = com.gedcoinmaboya.PostsRestAPIComplete;
				PRODUCT_NAME = "$(TARGET_NAME)";
				SWIFT_VERSION = 5.0;
				TARGETED_DEVICE_FAMILY = "1,2";
			};
			name = Debug;
		};
		38CAA60F2622EA7C00EB4B1B /* Release */ = {
			isa = XCBuildConfiguration;
			buildSettings = {
				ASSETCATALOG_COMPILER_APPICON_NAME = AppIcon;
				ASSETCATALOG_COMPILER_GLOBAL_ACCENT_COLOR_NAME = AccentColor;
				CODE_SIGN_STYLE = Automatic;
				INFOPLIST_FILE = PostsRestAPIComplete/Info.plist;
				LD_RUNPATH_SEARCH_PATHS = (
					"$(inherited)",
					"@executable_path/Frameworks",
				);
				PRODUCT_BUNDLE_IDENTIFIER = com.gedcoinmaboya.PostsRestAPIComplete;
				PRODUCT_NAME = "$(TARGET_NAME)";
				SWIFT_VERSION = 5.0;
				TARGETED_DEVICE_FAMILY = "1,2";
			};
			name = Release;
		};
/* End XCBuildConfiguration section */

/* Begin XCConfigurationList section */
		38CAA5F12622EA7B00EB4B1B /* Build configuration list for PBXProject "PostsRestAPIComplete" */ = {
			isa = XCConfigurationList;
			buildConfigurations = (
				38CAA60B2622EA7C00EB4B1B /* Debug */,
				38CAA60C2622EA7C00EB4B1B /* Release */,
			);
			defaultConfigurationIsVisible = 0;
			defaultConfigurationName = Release;
		};
		38CAA60D2622EA7C00EB4B1B /* Build configuration list for PBXNativeTarget "PostsRestAPIComplete" */ = {
			isa = XCConfigurationList;
			buildConfigurations = (
				38CAA60E2622EA7C00EB4B1B /* Debug */,
				38CAA60F2622EA7C00EB4B1B /* Release */,
			);
			defaultConfigurationIsVisible = 0;
			defaultConfigurationName = Release;
		};
/* End XCConfigurationList section */

/* Begin XCVersionGroup section */
		38CAA6022622EA7B00EB4B1B /* PostsRestAPIComplete.xcdatamodeld */ = {
			isa = XCVersionGroup;
			children = (
				38CAA6032622EA7B00EB4B1B /* PostsRestAPIComplete.xcdatamodel */,
			);
			currentVersion = 38CAA6032622EA7B00EB4B1B /* PostsRestAPIComplete.xcdatamodel */;
			path = PostsRestAPIComplete.xcdatamodeld;
			sourceTree = "<group>";
			versionGroupType = wrapper.xcdatamodel;
		};
/* End XCVersionGroup section */
	};
	rootObject = 38CAA5EE2622EA7B00EB4B1B /* Project object */;
}
